
Microsoft Visual Studio Solution File, Format Version 12.00
# Visual Studio 15
VisualStudioVersion = 15.0.28307.136
MinimumVisualStudioVersion = 10.0.40219.1
Project("{FAE04EC0-301F-11D3-BF4B-00C04F79EFBC}") = "IronBrew2", "IronBrew2\IronBrew2.csproj", "{2D094476-F777-48D4-A296-70915B0D12E9}"
EndProject
Project("{FAE04EC0-301F-11D3-BF4B-00C04F79EFBC}") = "IronBrew2 CLI", "IronBrew2 CLI\IronBrew2 CLI.csproj", "{1D8F3D62-EC71-40F7-807A-ED80E3A2CFA3}"
EndProject
Global
	GlobalSection(SolutionConfigurationPlatforms) = preSolution
		Debug|Any CPU = Debug|Any CPU
	EndGlobalSection
	GlobalSection(ProjectConfigurationPlatforms) = postSolution
		{2D094476-F777-48D4-A296-70915B0D12E9}.Debug|Any CPU.ActiveCfg = Debug|Any CPU
		{2D094476-F777-48D4-A296-70915B0D12E9}.Debug|Any CPU.Build.0 = Debug|Any CPU
		{1D8F3D62-EC71-40F7-807A-ED80E3A2CFA3}.Debug|Any CPU.ActiveCfg = Debug|Any CPU
		{1D8F3D62-EC71-40F7-807A-ED80E3A2CFA3}.Debug|Any CPU.Build.0 = Debug|Any CPU
	EndGlobalSection
	GlobalSection(SolutionProperties) = preSolution
		HideSolutionNode = FALSE
	EndGlobalSection
	GlobalSection(ExtensibilityGlobals) = postSolution
		SolutionGuid = {D6BD6F35-6DAF-4081-B29C-B2315DE24FCD}
	EndGlobalSection
EndGlobal
